
Microsoft Visual Studio Solution File, Format Version 12.00
# Visual Studio 15
VisualStudioVersion = 15.0.27703.2035
MinimumVisualStudioVersion = 10.0.40219.1
Project("{888888A0-9F3D-457C-B088-3A5042F75D52}") = "mlb_live_scoreboard", "mlb_live_scoreboard\mlb_live_scoreboard.pyproj", "{50E20256-D380-4033-804D-D6182EEF6D9D}"
EndProject
Global
	GlobalSection(SolutionConfigurationPlatforms) = preSolution
		Debug|Any CPU = Debug|Any CPU
		Release|Any CPU = Release|Any CPU
	EndGlobalSection
	GlobalSection(ProjectConfigurationPlatforms) = postSolution
		{50E20256-D380-4033-804D-D6182EEF6D9D}.Debug|Any CPU.ActiveCfg = Debug|Any CPU
		{50E20256-D380-4033-804D-D6182EEF6D9D}.Release|Any CPU.ActiveCfg = Release|Any CPU
	EndGlobalSection
	GlobalSection(SolutionProperties) = preSolution
		HideSolutionNode = FALSE
	EndGlobalSection
	GlobalSection(ExtensibilityGlobals) = postSolution
		SolutionGuid = {96E9966A-416D-4758-9CE6-C3BAC0084585}
	EndGlobalSection
EndGlobal
